
Microsoft Visual Studio Solution File, Format Version 12.00
# Visual Studio Version 17
VisualStudioVersion = 17.0.32014.148
MinimumVisualStudioVersion = 10.0.40219.1
Project("{9A19103F-16F7-4668-BE54-9A1E7A4F7556}") = "AzureFunctions", "AzureFunctions\AzureFunctions.csproj", "{782AEA49-6E1E-4392-89A3-0B6A729DB84F}"
EndProject
Project("{FAE04EC0-301F-11D3-BF4B-00C04F79EFBC}") = "ConsoleTestApp", "ConsoleTestApp\ConsoleTestApp.csproj", "{CBCB9C49-E2CF-425A-856A-9F9437FEBE37}"
EndProject
Global
	GlobalSection(SolutionConfigurationPlatforms) = preSolution
		Debug|Any CPU = Debug|Any CPU
		Release|Any CPU = Release|Any CPU
	EndGlobalSection
	GlobalSection(ProjectConfigurationPlatforms) = postSolution
		{782AEA49-6E1E-4392-89A3-0B6A729DB84F}.Debug|Any CPU.ActiveCfg = Debug|Any CPU
		{782AEA49-6E1E-4392-89A3-0B6A729DB84F}.Debug|Any CPU.Build.0 = Debug|Any CPU
		{782AEA49-6E1E-4392-89A3-0B6A729DB84F}.Release|Any CPU.ActiveCfg = Release|Any CPU
		{782AEA49-6E1E-4392-89A3-0B6A729DB84F}.Release|Any CPU.Build.0 = Release|Any CPU
		{CBCB9C49-E2CF-425A-856A-9F9437FEBE37}.Debug|Any CPU.ActiveCfg = Debug|Any CPU
		{CBCB9C49-E2CF-425A-856A-9F9437FEBE37}.Debug|Any CPU.Build.0 = Debug|Any CPU
		{CBCB9C49-E2CF-425A-856A-9F9437FEBE37}.Release|Any CPU.ActiveCfg = Release|Any CPU
		{CBCB9C49-E2CF-425A-856A-9F9437FEBE37}.Release|Any CPU.Build.0 = Release|Any CPU
	EndGlobalSection
	GlobalSection(SolutionProperties) = preSolution
		HideSolutionNode = FALSE
	EndGlobalSection
	GlobalSection(ExtensibilityGlobals) = postSolution
		SolutionGuid = {98A812B4-480D-4F75-AEC6-9C5EFBC43416}
	EndGlobalSection
EndGlobal
